
Microsoft Visual Studio Solution File, Format Version 12.00
# Visual Studio Version 16
VisualStudioVersion = 16.0.30320.27
MinimumVisualStudioVersion = 10.0.40219.1
Project("{FAE04EC0-301F-11D3-BF4B-00C04F79EFBC}") = "TestApp8", "TestApp8\TestApp8.csproj", "{54D09FC1-2228-4EA4-8D8A-C98445237D46}"
EndProject
Global
	GlobalSection(SolutionConfigurationPlatforms) = preSolution
		Debug|Any CPU = Debug|Any CPU
		Release|Any CPU = Release|Any CPU
	EndGlobalSection
	GlobalSection(ProjectConfigurationPlatforms) = postSolution
		{54D09FC1-2228-4EA4-8D8A-C98445237D46}.Debug|Any CPU.ActiveCfg = Debug|Any CPU
		{54D09FC1-2228-4EA4-8D8A-C98445237D46}.Debug|Any CPU.Build.0 = Debug|Any CPU
		{54D09FC1-2228-4EA4-8D8A-C98445237D46}.Release|Any CPU.ActiveCfg = Release|Any CPU
		{54D09FC1-2228-4EA4-8D8A-C98445237D46}.Release|Any CPU.Build.0 = Release|Any CPU
	EndGlobalSection
	GlobalSection(SolutionProperties) = preSolution
		HideSolutionNode = FALSE
	EndGlobalSection
	GlobalSection(ExtensibilityGlobals) = postSolution
		SolutionGuid = {FC4E6D45-F268-4D33-ABE1-0A4E0E50A9A3}
	EndGlobalSection
EndGlobal
