
Microsoft Visual Studio Solution File, Format Version 12.00
# Visual Studio Version 16
VisualStudioVersion = 16.0.30320.27
MinimumVisualStudioVersion = 10.0.40219.1
Project("{FAE04EC0-301F-11D3-BF4B-00C04F79EFBC}") = "TestApp7", "TestApp7\TestApp7.csproj", "{6CEC0955-5CD7-41C5-A775-9F7666A173E5}"
EndProject
Global
	GlobalSection(SolutionConfigurationPlatforms) = preSolution
		Debug|Any CPU = Debug|Any CPU
		Release|Any CPU = Release|Any CPU
	EndGlobalSection
	GlobalSection(ProjectConfigurationPlatforms) = postSolution
		{6CEC0955-5CD7-41C5-A775-9F7666A173E5}.Debug|Any CPU.ActiveCfg = Debug|Any CPU
		{6CEC0955-5CD7-41C5-A775-9F7666A173E5}.Debug|Any CPU.Build.0 = Debug|Any CPU
		{6CEC0955-5CD7-41C5-A775-9F7666A173E5}.Release|Any CPU.ActiveCfg = Release|Any CPU
		{6CEC0955-5CD7-41C5-A775-9F7666A173E5}.Release|Any CPU.Build.0 = Release|Any CPU
	EndGlobalSection
	GlobalSection(SolutionProperties) = preSolution
		HideSolutionNode = FALSE
	EndGlobalSection
	GlobalSection(ExtensibilityGlobals) = postSolution
		SolutionGuid = {C604F197-E5B8-47F7-9A46-2A4A9A0683E9}
	EndGlobalSection
EndGlobal
